
Microsoft Visual Studio Solution File, Format Version 12.00
# Visual Studio 15
VisualStudioVersion = 15.0.28307.779
MinimumVisualStudioVersion = 10.0.40219.1
Project("{FAE04EC0-301F-11D3-BF4B-00C04F79EFBC}") = "ЛР№7", "ЛР№7\ЛР№7.csproj", "{0C9F0FBF-7181-46EE-AC88-EFA4334297EC}"
EndProject
Project("{FAE04EC0-301F-11D3-BF4B-00C04F79EFBC}") = "ЛР№7Test", "ЛР№7Test\ЛР№7Test.csproj", "{DE65B9BD-8943-4FAA-8306-9AEF13C62514}"
EndProject
Global
	GlobalSection(SolutionConfigurationPlatforms) = preSolution
		Debug|Any CPU = Debug|Any CPU
		Release|Any CPU = Release|Any CPU
	EndGlobalSection
	GlobalSection(ProjectConfigurationPlatforms) = postSolution
		{0C9F0FBF-7181-46EE-AC88-EFA4334297EC}.Debug|Any CPU.ActiveCfg = Debug|Any CPU
		{0C9F0FBF-7181-46EE-AC88-EFA4334297EC}.Debug|Any CPU.Build.0 = Debug|Any CPU
		{0C9F0FBF-7181-46EE-AC88-EFA4334297EC}.Release|Any CPU.ActiveCfg = Release|Any CPU
		{0C9F0FBF-7181-46EE-AC88-EFA4334297EC}.Release|Any CPU.Build.0 = Release|Any CPU
		{DE65B9BD-8943-4FAA-8306-9AEF13C62514}.Debug|Any CPU.ActiveCfg = Debug|Any CPU
		{DE65B9BD-8943-4FAA-8306-9AEF13C62514}.Debug|Any CPU.Build.0 = Debug|Any CPU
		{DE65B9BD-8943-4FAA-8306-9AEF13C62514}.Release|Any CPU.ActiveCfg = Release|Any CPU
		{DE65B9BD-8943-4FAA-8306-9AEF13C62514}.Release|Any CPU.Build.0 = Release|Any CPU
	EndGlobalSection
	GlobalSection(SolutionProperties) = preSolution
		HideSolutionNode = FALSE
	EndGlobalSection
	GlobalSection(ExtensibilityGlobals) = postSolution
		SolutionGuid = {A14618EE-E9B0-456E-A365-86C263F39230}
	EndGlobalSection
EndGlobal
