
Microsoft Visual Studio Solution File, Format Version 12.00
# Visual Studio 15
VisualStudioVersion = 15.0.28307.779
MinimumVisualStudioVersion = 10.0.40219.1
Project("{FAE04EC0-301F-11D3-BF4B-00C04F79EFBC}") = "ЛР№9", "ЛР№9\ЛР№9.csproj", "{CC4B6767-E153-4838-A82F-5AA439A6B057}"
EndProject
Project("{FAE04EC0-301F-11D3-BF4B-00C04F79EFBC}") = "MyTest", "MyTest\MyTest.csproj", "{8EE34F23-247D-4B50-816B-E7F539D641C0}"
EndProject
Global
	GlobalSection(SolutionConfigurationPlatforms) = preSolution
		Debug|Any CPU = Debug|Any CPU
		Release|Any CPU = Release|Any CPU
	EndGlobalSection
	GlobalSection(ProjectConfigurationPlatforms) = postSolution
		{CC4B6767-E153-4838-A82F-5AA439A6B057}.Debug|Any CPU.ActiveCfg = Debug|Any CPU
		{CC4B6767-E153-4838-A82F-5AA439A6B057}.Debug|Any CPU.Build.0 = Debug|Any CPU
		{CC4B6767-E153-4838-A82F-5AA439A6B057}.Release|Any CPU.ActiveCfg = Release|Any CPU
		{CC4B6767-E153-4838-A82F-5AA439A6B057}.Release|Any CPU.Build.0 = Release|Any CPU
		{8EE34F23-247D-4B50-816B-E7F539D641C0}.Debug|Any CPU.ActiveCfg = Debug|Any CPU
		{8EE34F23-247D-4B50-816B-E7F539D641C0}.Debug|Any CPU.Build.0 = Debug|Any CPU
		{8EE34F23-247D-4B50-816B-E7F539D641C0}.Release|Any CPU.ActiveCfg = Release|Any CPU
		{8EE34F23-247D-4B50-816B-E7F539D641C0}.Release|Any CPU.Build.0 = Release|Any CPU
	EndGlobalSection
	GlobalSection(SolutionProperties) = preSolution
		HideSolutionNode = FALSE
	EndGlobalSection
	GlobalSection(ExtensibilityGlobals) = postSolution
		SolutionGuid = {79D2BE6A-CBA5-4A6D-8580-3DB4CD783890}
	EndGlobalSection
EndGlobal
