
Microsoft Visual Studio Solution File, Format Version 12.00
# Visual Studio 15
VisualStudioVersion = 15.0.28307.779
MinimumVisualStudioVersion = 10.0.40219.1
Project("{FAE04EC0-301F-11D3-BF4B-00C04F79EFBC}") = "ЛР№11", "ЛР№11\ЛР№11.csproj", "{F2126530-EA46-4D54-858A-A59F8F8BEC4F}"
EndProject
Project("{FAE04EC0-301F-11D3-BF4B-00C04F79EFBC}") = "DecoratorforFileTest", "DecoratorforFileTest\DecoratorforFileTest.csproj", "{74D39F97-1CB7-4C18-8167-621DE788EE96}"
EndProject
Global
	GlobalSection(SolutionConfigurationPlatforms) = preSolution
		Debug|Any CPU = Debug|Any CPU
		Release|Any CPU = Release|Any CPU
	EndGlobalSection
	GlobalSection(ProjectConfigurationPlatforms) = postSolution
		{F2126530-EA46-4D54-858A-A59F8F8BEC4F}.Debug|Any CPU.ActiveCfg = Debug|Any CPU
		{F2126530-EA46-4D54-858A-A59F8F8BEC4F}.Debug|Any CPU.Build.0 = Debug|Any CPU
		{F2126530-EA46-4D54-858A-A59F8F8BEC4F}.Release|Any CPU.ActiveCfg = Release|Any CPU
		{F2126530-EA46-4D54-858A-A59F8F8BEC4F}.Release|Any CPU.Build.0 = Release|Any CPU
		{74D39F97-1CB7-4C18-8167-621DE788EE96}.Debug|Any CPU.ActiveCfg = Debug|Any CPU
		{74D39F97-1CB7-4C18-8167-621DE788EE96}.Debug|Any CPU.Build.0 = Debug|Any CPU
		{74D39F97-1CB7-4C18-8167-621DE788EE96}.Release|Any CPU.ActiveCfg = Release|Any CPU
		{74D39F97-1CB7-4C18-8167-621DE788EE96}.Release|Any CPU.Build.0 = Release|Any CPU
	EndGlobalSection
	GlobalSection(SolutionProperties) = preSolution
		HideSolutionNode = FALSE
	EndGlobalSection
	GlobalSection(ExtensibilityGlobals) = postSolution
		SolutionGuid = {60784D70-7E19-42E3-9DDF-4B1AEAD5B326}
	EndGlobalSection
EndGlobal
