
Microsoft Visual Studio Solution File, Format Version 12.00
# Visual Studio 15
VisualStudioVersion = 15.0.28307.779
MinimumVisualStudioVersion = 10.0.40219.1
Project("{FAE04EC0-301F-11D3-BF4B-00C04F79EFBC}") = "Приложение_V_0.1", "Приложение_V_0.1\Приложение_V_0.1.csproj", "{75CBB3B4-3F1F-4582-AC5E-A6CADD62FB7E}"
EndProject
Project("{FAE04EC0-301F-11D3-BF4B-00C04F79EFBC}") = "RC_comparison_method_options", "RC_comparison_method_options\RC_comparison_method_options.csproj", "{0232EFB9-483A-4D38-8011-A60E6417E67C}"
EndProject
Global
	GlobalSection(SolutionConfigurationPlatforms) = preSolution
		Debug|Any CPU = Debug|Any CPU
		Release|Any CPU = Release|Any CPU
	EndGlobalSection
	GlobalSection(ProjectConfigurationPlatforms) = postSolution
		{75CBB3B4-3F1F-4582-AC5E-A6CADD62FB7E}.Debug|Any CPU.ActiveCfg = Debug|Any CPU
		{75CBB3B4-3F1F-4582-AC5E-A6CADD62FB7E}.Debug|Any CPU.Build.0 = Debug|Any CPU
		{75CBB3B4-3F1F-4582-AC5E-A6CADD62FB7E}.Release|Any CPU.ActiveCfg = Release|Any CPU
		{75CBB3B4-3F1F-4582-AC5E-A6CADD62FB7E}.Release|Any CPU.Build.0 = Release|Any CPU
		{0232EFB9-483A-4D38-8011-A60E6417E67C}.Debug|Any CPU.ActiveCfg = Debug|Any CPU
		{0232EFB9-483A-4D38-8011-A60E6417E67C}.Debug|Any CPU.Build.0 = Debug|Any CPU
		{0232EFB9-483A-4D38-8011-A60E6417E67C}.Release|Any CPU.ActiveCfg = Release|Any CPU
		{0232EFB9-483A-4D38-8011-A60E6417E67C}.Release|Any CPU.Build.0 = Release|Any CPU
	EndGlobalSection
	GlobalSection(SolutionProperties) = preSolution
		HideSolutionNode = FALSE
	EndGlobalSection
	GlobalSection(ExtensibilityGlobals) = postSolution
		SolutionGuid = {939A8436-769B-476D-A571-23365DA6102A}
	EndGlobalSection
EndGlobal
